// !$*UTF8*$!
{
	archiveVersion = 1;
	classes = {
	};
	objectVersion = 50;
	objects = {

/* Begin PBXBuildFile section */
		3737817222D9BC0100B16BB6 /* AppDelegate.swift in Sources */ = {isa = PBXBuildFile; fileRef = 3737817122D9BC0100B16BB6 /* AppDelegate.swift */; };
		3737817422D9BC0100B16BB6 /* FirstViewController.swift in Sources */ = {isa = PBXBuildFile; fileRef = 3737817322D9BC0100B16BB6 /* FirstViewController.swift */; };
		3737817622D9BC0100B16BB6 /* SecondViewController.swift in Sources */ = {isa = PBXBuildFile; fileRef = 3737817522D9BC0100B16BB6 /* SecondViewController.swift */; };
		3737817922D9BC0200B16BB6 /* Main.storyboard in Resources */ = {isa = PBXBuildFile; fileRef = 3737817722D9BC0200B16BB6 /* Main.storyboard */; };
		3737817B22D9BC0E00B16BB6 /* Assets.xcassets in Resources */ = {isa = PBXBuildFile; fileRef = 3737817A22D9BC0E00B16BB6 /* Assets.xcassets */; };
		3737817E22D9BC0E00B16BB6 /* LaunchScreen.storyboard in Resources */ = {isa = PBXBuildFile; fileRef = 3737817C22D9BC0E00B16BB6 /* LaunchScreen.storyboard */; };
		3737818622D9BCFA00B16BB6 /* Entity.swift in Sources */ = {isa = PBXBuildFile; fileRef = 3737818522D9BCFA00B16BB6 /* Entity.swift */; };
/* End PBXBuildFile section */

/* Begin PBXFileReference section */
		3737816E22D9BC0100B16BB6 /* SPAJAM2019-ios.app */ = {isa = PBXFileReference; explicitFileType = wrapper.application; includeInIndex = 0; path = "SPAJAM2019-ios.app"; sourceTree = BUILT_PRODUCTS_DIR; };
		3737817122D9BC0100B16BB6 /* AppDelegate.swift */ = {isa = PBXFileReference; lastKnownFileType = sourcecode.swift; path = AppDelegate.swift; sourceTree = "<group>"; };
		3737817322D9BC0100B16BB6 /* FirstViewController.swift */ = {isa = PBXFileReference; lastKnownFileType = sourcecode.swift; path = FirstViewController.swift; sourceTree = "<group>"; };
		3737817522D9BC0100B16BB6 /* SecondViewController.swift */ = {isa = PBXFileReference; lastKnownFileType = sourcecode.swift; path = SecondViewController.swift; sourceTree = "<group>"; };
		3737817822D9BC0200B16BB6 /* Base */ = {isa = PBXFileReference; lastKnownFileType = file.storyboard; name = Base; path = Base.lproj/Main.storyboard; sourceTree = "<group>"; };
		3737817A22D9BC0E00B16BB6 /* Assets.xcassets */ = {isa = PBXFileReference; lastKnownFileType = folder.assetcatalog; path = Assets.xcassets; sourceTree = "<group>"; };
		3737817D22D9BC0E00B16BB6 /* Base */ = {isa = PBXFileReference; lastKnownFileType = file.storyboard; name = Base; path = Base.lproj/LaunchScreen.storyboard; sourceTree = "<group>"; };
		3737817F22D9BC0E00B16BB6 /* Info.plist */ = {isa = PBXFileReference; lastKnownFileType = text.plist.xml; path = Info.plist; sourceTree = "<group>"; };
		3737818522D9BCFA00B16BB6 /* Entity.swift */ = {isa = PBXFileReference; lastKnownFileType = sourcecode.swift; path = Entity.swift; sourceTree = "<group>"; };
/* End PBXFileReference section */

/* Begin PBXFrameworksBuildPhase section */
		3737816B22D9BC0100B16BB6 /* Frameworks */ = {
			isa = PBXFrameworksBuildPhase;
			buildActionMask = 2147483647;
			files = (
			);
			runOnlyForDeploymentPostprocessing = 0;
		};
/* End PBXFrameworksBuildPhase section */

/* Begin PBXGroup section */
		3737816522D9BC0100B16BB6 = {
			isa = PBXGroup;
			children = (
				3737817022D9BC0100B16BB6 /* SPAJAM2019-ios */,
				3737816F22D9BC0100B16BB6 /* Products */,
			);
			sourceTree = "<group>";
		};
		3737816F22D9BC0100B16BB6 /* Products */ = {
			isa = PBXGroup;
			children = (
				3737816E22D9BC0100B16BB6 /* SPAJAM2019-ios.app */,
			);
			name = Products;
			sourceTree = "<group>";
		};
		3737817022D9BC0100B16BB6 /* SPAJAM2019-ios */ = {
			isa = PBXGroup;
			children = (
				3737817122D9BC0100B16BB6 /* AppDelegate.swift */,
				3737817322D9BC0100B16BB6 /* FirstViewController.swift */,
				3737817522D9BC0100B16BB6 /* SecondViewController.swift */,
				3737817722D9BC0200B16BB6 /* Main.storyboard */,
				3737817A22D9BC0E00B16BB6 /* Assets.xcassets */,
				3737817C22D9BC0E00B16BB6 /* LaunchScreen.storyboard */,
				3737817F22D9BC0E00B16BB6 /* Info.plist */,
				3737818522D9BCFA00B16BB6 /* Entity.swift */,
			);
			path = "SPAJAM2019-ios";
			sourceTree = "<group>";
		};
/* End PBXGroup section */

/* Begin PBXNativeTarget section */
		3737816D22D9BC0100B16BB6 /* SPAJAM2019-ios */ = {
			isa = PBXNativeTarget;
			buildConfigurationList = 3737818222D9BC0E00B16BB6 /* Build configuration list for PBXNativeTarget "SPAJAM2019-ios" */;
			buildPhases = (
				3737816A22D9BC0100B16BB6 /* Sources */,
				3737816B22D9BC0100B16BB6 /* Frameworks */,
				3737816C22D9BC0100B16BB6 /* Resources */,
			);
			buildRules = (
			);
			dependencies = (
			);
			name = "SPAJAM2019-ios";
			productName = "SPAJAM2019-ios";
			productReference = 3737816E22D9BC0100B16BB6 /* SPAJAM2019-ios.app */;
			productType = "com.apple.product-type.application";
		};
/* End PBXNativeTarget section */

/* Begin PBXProject section */
		3737816622D9BC0100B16BB6 /* Project object */ = {
			isa = PBXProject;
			attributes = {
				LastSwiftUpdateCheck = 1020;
				LastUpgradeCheck = 1020;
				ORGANIZATIONNAME = Kenta;
				TargetAttributes = {
					3737816D22D9BC0100B16BB6 = {
						CreatedOnToolsVersion = 10.2.1;
					};
				};
			};
			buildConfigurationList = 3737816922D9BC0100B16BB6 /* Build configuration list for PBXProject "SPAJAM2019-ios" */;
			compatibilityVersion = "Xcode 9.3";
			developmentRegion = en;
			hasScannedForEncodings = 0;
			knownRegions = (
				en,
				Base,
			);
			mainGroup = 3737816522D9BC0100B16BB6;
			productRefGroup = 3737816F22D9BC0100B16BB6 /* Products */;
			projectDirPath = "";
			projectRoot = "";
			targets = (
				3737816D22D9BC0100B16BB6 /* SPAJAM2019-ios */,
			);
		};
/* End PBXProject section */

/* Begin PBXResourcesBuildPhase section */
		3737816C22D9BC0100B16BB6 /* Resources */ = {
			isa = PBXResourcesBuildPhase;
			buildActionMask = 2147483647;
			files = (
				3737817E22D9BC0E00B16BB6 /* LaunchScreen.storyboard in Resources */,
				3737817B22D9BC0E00B16BB6 /* Assets.xcassets in Resources */,
				3737817922D9BC0200B16BB6 /* Main.storyboard in Resources */,
			);
			runOnlyForDeploymentPostprocessing = 0;
		};
/* End PBXResourcesBuildPhase section */

/* Begin PBXSourcesBuildPhase section */
		3737816A22D9BC0100B16BB6 /* Sources */ = {
			isa = PBXSourcesBuildPhase;
			buildActionMask = 2147483647;
			files = (
				3737818622D9BCFA00B16BB6 /* Entity.swift in Sources */,
				3737817622D9BC0100B16BB6 /* SecondViewController.swift in Sources */,
				3737817222D9BC0100B16BB6 /* AppDelegate.swift in Sources */,
				3737817422D9BC0100B16BB6 /* FirstViewController.swift in Sources */,
			);
			runOnlyForDeploymentPostprocessing = 0;
		};
/* End PBXSourcesBuildPhase section */

/* Begin PBXVariantGroup section */
		3737817722D9BC0200B16BB6 /* Main.storyboard */ = {
			isa = PBXVariantGroup;
			children = (
				3737817822D9BC0200B16BB6 /* Base */,
			);
			name = Main.storyboard;
			sourceTree = "<group>";
		};
		3737817C22D9BC0E00B16BB6 /* LaunchScreen.storyboard */ = {
			isa = PBXVariantGroup;
			children = (
				3737817D22D9BC0E00B16BB6 /* Base */,
			);
			name = LaunchScreen.storyboard;
			sourceTree = "<group>";
		};
/* End PBXVariantGroup section */

/* Begin XCBuildConfiguration section */
		3737818022D9BC0E00B16BB6 /* Debug */ = {
			isa = XCBuildConfiguration;
			buildSettings = {
				ALWAYS_SEARCH_USER_PATHS = NO;
				CLANG_ANALYZER_NONNULL = YES;
				CLANG_ANALYZER_NUMBER_OBJECT_CONVERSION = YES_AGGRESSIVE;
				CLANG_CXX_LANGUAGE_STANDARD = "gnu++14";
				CLANG_CXX_LIBRARY = "libc++";
				CLANG_ENABLE_MODULES = YES;
				CLANG_ENABLE_OBJC_ARC = YES;
				CLANG_ENABLE_OBJC_WEAK = YES;
				CLANG_WARN_BLOCK_CAPTURE_AUTORELEASING = YES;
				CLANG_WARN_BOOL_CONVERSION = YES;
				CLANG_WARN_COMMA = YES;
				CLANG_WARN_CONSTANT_CONVERSION = YES;
				CLANG_WARN_DEPRECATED_OBJC_IMPLEMENTATIONS = YES;
				CLANG_WARN_DIRECT_OBJC_ISA_USAGE = YES_ERROR;
				CLANG_WARN_DOCUMENTATION_COMMENTS = YES;
				CLANG_WARN_EMPTY_BODY = YES;
				CLANG_WARN_ENUM_CONVERSION = YES;
				CLANG_WARN_INFINITE_RECURSION = YES;
				CLANG_WARN_INT_CONVERSION = YES;
				CLANG_WARN_NON_LITERAL_NULL_CONVERSION = YES;
				CLANG_WARN_OBJC_IMPLICIT_RETAIN_SELF = YES;
				CLANG_WARN_OBJC_LITERAL_CONVERSION = YES;
				CLANG_WARN_OBJC_ROOT_CLASS = YES_ERROR;
				CLANG_WARN_RANGE_LOOP_ANALYSIS = YES;
				CLANG_WARN_STRICT_PROTOTYPES = YES;
				CLANG_WARN_SUSPICIOUS_MOVE = YES;
				CLANG_WARN_UNGUARDED_AVAILABILITY = YES_AGGRESSIVE;
				CLANG_WARN_UNREACHABLE_CODE = YES;
				CLANG_WARN__DUPLICATE_METHOD_MATCH = YES;
				CODE_SIGN_IDENTITY = "iPhone Developer";
				COPY_PHASE_STRIP = NO;
				DEBUG_INFORMATION_FORMAT = dwarf;
				ENABLE_STRICT_OBJC_MSGSEND = YES;
				ENABLE_TESTABILITY = YES;
				GCC_C_LANGUAGE_STANDARD = gnu11;
				GCC_DYNAMIC_NO_PIC = NO;
				GCC_NO_COMMON_BLOCKS = YES;
				GCC_OPTIMIZATION_LEVEL = 0;
				GCC_PREPROCESSOR_DEFINITIONS = (
					"DEBUG=1",
					"$(inherited)",
				);
				GCC_WARN_64_TO_32_BIT_CONVERSION = YES;
				GCC_WARN_ABOUT_RETURN_TYPE = YES_ERROR;
				GCC_WARN_UNDECLARED_SELECTOR = YES;
				GCC_WARN_UNINITIALIZED_AUTOS = YES_AGGRESSIVE;
				GCC_WARN_UNUSED_FUNCTION = YES;
				GCC_WARN_UNUSED_VARIABLE = YES;
				IPHONEOS_DEPLOYMENT_TARGET = 12.2;
				MTL_ENABLE_DEBUG_INFO = INCLUDE_SOURCE;
				MTL_FAST_MATH = YES;
				ONLY_ACTIVE_ARCH = YES;
				SDKROOT = iphoneos;
				SWIFT_ACTIVE_COMPILATION_CONDITIONS = DEBUG;
				SWIFT_OPTIMIZATION_LEVEL = "-Onone";
			};
			name = Debug;
		};
		3737818122D9BC0E00B16BB6 /* Release */ = {
			isa = XCBuildConfiguration;
			buildSettings = {
				ALWAYS_SEARCH_USER_PATHS = NO;
				CLANG_ANALYZER_NONNULL = YES;
				CLANG_ANALYZER_NUMBER_OBJECT_CONVERSION = YES_AGGRESSIVE;
				CLANG_CXX_LANGUAGE_STANDARD = "gnu++14";
				CLANG_CXX_LIBRARY = "libc++";
				CLANG_ENABLE_MODULES = YES;
				CLANG_ENABLE_OBJC_ARC = YES;
				CLANG_ENABLE_OBJC_WEAK = YES;
				CLANG_WARN_BLOCK_CAPTURE_AUTORELEASING = YES;
				CLANG_WARN_BOOL_CONVERSION = YES;
				CLANG_WARN_COMMA = YES;
				CLANG_WARN_CONSTANT_CONVERSION = YES;
				CLANG_WARN_DEPRECATED_OBJC_IMPLEMENTATIONS = YES;
				CLANG_WARN_DIRECT_OBJC_ISA_USAGE = YES_ERROR;
				CLANG_WARN_DOCUMENTATION_COMMENTS = YES;
				CLANG_WARN_EMPTY_BODY = YES;
				CLANG_WARN_ENUM_CONVERSION = YES;
				CLANG_WARN_INFINITE_RECURSION = YES;
				CLANG_WARN_INT_CONVERSION = YES;
				CLANG_WARN_NON_LITERAL_NULL_CONVERSION = YES;
				CLANG_WARN_OBJC_IMPLICIT_RETAIN_SELF = YES;
				CLANG_WARN_OBJC_LITERAL_CONVERSION = YES;
				CLANG_WARN_OBJC_ROOT_CLASS = YES_ERROR;
				CLANG_WARN_RANGE_LOOP_ANALYSIS = YES;
				CLANG_WARN_STRICT_PROTOTYPES = YES;
				CLANG_WARN_SUSPICIOUS_MOVE = YES;
				CLANG_WARN_UNGUARDED_AVAILABILITY = YES_AGGRESSIVE;
				CLANG_WARN_UNREACHABLE_CODE = YES;
				CLANG_WARN__DUPLICATE_METHOD_MATCH = YES;
				CODE_SIGN_IDENTITY = "iPhone Developer";
				COPY_PHASE_STRIP = NO;
				DEBUG_INFORMATION_FORMAT = "dwarf-with-dsym";
				ENABLE_NS_ASSERTIONS = NO;
				ENABLE_STRICT_OBJC_MSGSEND = YES;
				GCC_C_LANGUAGE_STANDARD = gnu11;
				GCC_NO_COMMON_BLOCKS = YES;
				GCC_WARN_64_TO_32_BIT_CONVERSION = YES;
				GCC_WARN_ABOUT_RETURN_TYPE = YES_ERROR;
				GCC_WARN_UNDECLARED_SELECTOR = YES;
				GCC_WARN_UNINITIALIZED_AUTOS = YES_AGGRESSIVE;
				GCC_WARN_UNUSED_FUNCTION = YES;
				GCC_WARN_UNUSED_VARIABLE = YES;
				IPHONEOS_DEPLOYMENT_TARGET = 12.2;
				MTL_ENABLE_DEBUG_INFO = NO;
				MTL_FAST_MATH = YES;
				SDKROOT = iphoneos;
				SWIFT_COMPILATION_MODE = wholemodule;
				SWIFT_OPTIMIZATION_LEVEL = "-O";
				VALIDATE_PRODUCT = YES;
			};
			name = Release;
		};
		3737818322D9BC0E00B16BB6 /* Debug */ = {
			isa = XCBuildConfiguration;
			buildSettings = {
				ASSETCATALOG_COMPILER_APPICON_NAME = AppIcon;
				CODE_SIGN_STYLE = Automatic;
				DEVELOPMENT_TEAM = TLVYAZUQZL;
				INFOPLIST_FILE = "SPAJAM2019-ios/Info.plist";
				LD_RUNPATH_SEARCH_PATHS = (
					"$(inherited)",
					"@executable_path/Frameworks",
				);
				PRODUCT_BUNDLE_IDENTIFIER = "com.Kenta.SPAJAM2019-ios";
				PRODUCT_NAME = "$(TARGET_NAME)";
				SWIFT_VERSION = 5.0;
				TARGETED_DEVICE_FAMILY = "1,2";
			};
			name = Debug;
		};
		3737818422D9BC0E00B16BB6 /* Release */ = {
			isa = XCBuildConfiguration;
			buildSettings = {
				ASSETCATALOG_COMPILER_APPICON_NAME = AppIcon;
				CODE_SIGN_STYLE = Automatic;
				DEVELOPMENT_TEAM = TLVYAZUQZL;
				INFOPLIST_FILE = "SPAJAM2019-ios/Info.plist";
				LD_RUNPATH_SEARCH_PATHS = (
					"$(inherited)",
					"@executable_path/Frameworks",
				);
				PRODUCT_BUNDLE_IDENTIFIER = "com.Kenta.SPAJAM2019-ios";
				PRODUCT_NAME = "$(TARGET_NAME)";
				SWIFT_VERSION = 5.0;
				TARGETED_DEVICE_FAMILY = "1,2";
			};
			name = Release;
		};
/* End XCBuildConfiguration section */

/* Begin XCConfigurationList section */
		3737816922D9BC0100B16BB6 /* Build configuration list for PBXProject "SPAJAM2019-ios" */ = {
			isa = XCConfigurationList;
			buildConfigurations = (
				3737818022D9BC0E00B16BB6 /* Debug */,
				3737818122D9BC0E00B16BB6 /* Release */,
			);
			defaultConfigurationIsVisible = 0;
			defaultConfigurationName = Release;
		};
		3737818222D9BC0E00B16BB6 /* Build configuration list for PBXNativeTarget "SPAJAM2019-ios" */ = {
			isa = XCConfigurationList;
			buildConfigurations = (
				3737818322D9BC0E00B16BB6 /* Debug */,
				3737818422D9BC0E00B16BB6 /* Release */,
			);
			defaultConfigurationIsVisible = 0;
			defaultConfigurationName = Release;
		};
/* End XCConfigurationList section */
	};
	rootObject = 3737816622D9BC0100B16BB6 /* Project object */;
}
